
Microsoft Visual Studio Solution File, Format Version 12.00
# Visual Studio Version 17
VisualStudioVersion = 17.14.36414.22
MinimumVisualStudioVersion = 10.0.40219.1
Project("{2150E333-8FDC-42A3-9474-1A3956D46DE8}") = "Task0", "Task0", "{02EA681E-C7D8-13C7-8484-4AC65E1B71E8}"
EndProject
Project("{FAE04EC0-301F-11D3-BF4B-00C04F79EFBC}") = "Tyuiu.GamaleevaYuA.Sprint6.Task0.V12.Lib", "Tyuiu.GamaleevaYuA.Sprint6.Task0.V12.Lib\Tyuiu.GamaleevaYuA.Sprint6.Task0.V12.Lib.csproj", "{F9F86E2B-1A16-4CA6-B51C-BA6B93E9A452}"
EndProject
Project("{FAE04EC0-301F-11D3-BF4B-00C04F79EFBC}") = "Tyuiu.GamaleevaYuA.Sprint6.Task0.V12.Test", "Tyuiu.GamaleevaYuA.Sprint6.Task0.V12.Test\Tyuiu.GamaleevaYuA.Sprint6.Task0.V12.Test.csproj", "{8F4EBE87-EBFC-407A-BE29-B76945D15FC1}"
EndProject
Project("{FAE04EC0-301F-11D3-BF4B-00C04F79EFBC}") = "Tyuiu.GamaleevaYuA.Sprint6.Task0.V12", "Tyuiu.GamaleevaYuA.Sprint6.Task0.V12\Tyuiu.GamaleevaYuA.Sprint6.Task0.V12.csproj", "{5B32F1CA-A61E-480A-93DF-65A2A9EA2239}"
EndProject
Project("{FAE04EC0-301F-11D3-BF4B-00C04F79EFBC}") = "Tyuiu.GamaleevaYuA.Sprint6.Task1.V29.Lib", "Tyuiu.GamaleevaYuA.Sprint6.Task1.V29.Lib\Tyuiu.GamaleevaYuA.Sprint6.Task1.V29.Lib.csproj", "{B9C25C05-9709-4621-AD2B-DEF79EB3A813}"
EndProject
Project("{FAE04EC0-301F-11D3-BF4B-00C04F79EFBC}") = "Tyuiu.GamaleevaYuA.Sprint6.Task1.V29.Test", "Tyuiu.GamaleevaYuA.Sprint6.Task1.V29.Test\Tyuiu.GamaleevaYuA.Sprint6.Task1.V29.Test.csproj", "{FBC36542-6D0A-46CA-89CC-0967143599A1}"
EndProject
Project("{2150E333-8FDC-42A3-9474-1A3956D46DE8}") = "Task1", "Task1", "{CD47673D-968B-4BCB-B106-94E5733E8266}"
EndProject
Project("{FAE04EC0-301F-11D3-BF4B-00C04F79EFBC}") = "Tyuiu.GamaleevaYuA.Sprint6.Task1.V29", "Tyuiu.GamaleevaYuA.Sprint6.Task1.V29\Tyuiu.GamaleevaYuA.Sprint6.Task1.V29.csproj", "{7EACFC26-6ED2-443C-9F71-E09B2BD1ACE3}"
EndProject
Project("{2150E333-8FDC-42A3-9474-1A3956D46DE8}") = "Task2", "Task2", "{F54100ED-AB87-4205-B0EF-CCB2728AC469}"
EndProject
Project("{FAE04EC0-301F-11D3-BF4B-00C04F79EFBC}") = "Tyuiu.GamaleevaYuA.Sprint6.Task2.V17", "Tyuiu.GamaleevaYuA.Sprint6.Task2.V17\Tyuiu.GamaleevaYuA.Sprint6.Task2.V17.csproj", "{810D76BA-1027-4B37-9091-873EF61FBE0E}"
EndProject
Project("{FAE04EC0-301F-11D3-BF4B-00C04F79EFBC}") = "Tyuiu.GamaleevaYuA.Sprint6.Task2.V17.Test", "Tyuiu.GamaleevaYuA.Sprint6.Task2.V17.Test\Tyuiu.GamaleevaYuA.Sprint6.Task2.V17.Test.csproj", "{7402BC2E-EC62-4A2C-847F-028440020933}"
EndProject
Project("{FAE04EC0-301F-11D3-BF4B-00C04F79EFBC}") = "Tyuiu.GamaleevaYuA.Sprint6.Task2.V17.Lib", "Tyuiu.GamaleevaYuA.Sprint6.Task2.V17.Lib\Tyuiu.GamaleevaYuA.Sprint6.Task2.V17.Lib.csproj", "{860F5772-66AE-481D-BAB2-4C659F7025EB}"
EndProject
Project("{2150E333-8FDC-42A3-9474-1A3956D46DE8}") = "Task3", "Task3", "{489A7BAC-FCB8-4999-A027-106054133995}"
EndProject
Project("{FAE04EC0-301F-11D3-BF4B-00C04F79EFBC}") = "Tyuiu.GamaleevaYuA.Sprint6.Task3.V22", "Tyuiu.GamaleevaYuA.Sprint6.Task3.V22\Tyuiu.GamaleevaYuA.Sprint6.Task3.V22.csproj", "{CC9C2F9D-CD5F-42A9-BE97-B84EE751A500}"
EndProject
Project("{FAE04EC0-301F-11D3-BF4B-00C04F79EFBC}") = "Tyuiu.GamaleevaYuA.Sprint6.Task3.V22.Lib", "Tyuiu.GamaleevaYuA.Sprint6.Task3.V22.Lib\Tyuiu.GamaleevaYuA.Sprint6.Task3.V22.Lib.csproj", "{A85383A2-F241-4E53-8303-BF98DE0FD951}"
EndProject
Project("{FAE04EC0-301F-11D3-BF4B-00C04F79EFBC}") = "Tyuiu.GamaleevaYuA.Sprint6.Task3.V22.Test", "Tyuiu.GamaleevaYuA.Sprint6.Task3.V22.Test\Tyuiu.GamaleevaYuA.Sprint6.Task3.V22.Test.csproj", "{DB781848-D99C-43B3-ADD3-DC63D8E1B723}"
EndProject
Project("{2150E333-8FDC-42A3-9474-1A3956D46DE8}") = "Task4", "Task4", "{D3D814F7-26F8-4C4A-8F0B-F5BF2C0C4141}"
EndProject
Project("{FAE04EC0-301F-11D3-BF4B-00C04F79EFBC}") = "Tyuiu.GamaleevaYuA.Sprint6.Task4.V10", "Tyuiu.GamaleevaYuA.Sprint6.Task4.V10\Tyuiu.GamaleevaYuA.Sprint6.Task4.V10.csproj", "{DDB89C8E-A792-4FBF-A6EA-699E3CC85358}"
EndProject
Project("{FAE04EC0-301F-11D3-BF4B-00C04F79EFBC}") = "Tyuiu.GamaleevaYuA.Sprint6.Task4.V10.Lib", "Tyuiu.GamaleevaYuA.Sprint6.Task4.V10.Lib\Tyuiu.GamaleevaYuA.Sprint6.Task4.V10.Lib.csproj", "{83A79200-7F25-4E59-BB4D-50692CE63156}"
EndProject
Project("{FAE04EC0-301F-11D3-BF4B-00C04F79EFBC}") = "Tyuiu.GamaleevaYuA.Sprint6.Task4.V10.Test", "Tyuiu.GamaleevaYuA.Sprint6.Task4.V10.Test\Tyuiu.GamaleevaYuA.Sprint6.Task4.V10.Test.csproj", "{98567120-7B7D-4119-A2E4-7642A1D88688}"
EndProject
Global
	GlobalSection(SolutionConfigurationPlatforms) = preSolution
		Debug|Any CPU = Debug|Any CPU
		Release|Any CPU = Release|Any CPU
	EndGlobalSection
	GlobalSection(ProjectConfigurationPlatforms) = postSolution
		{F9F86E2B-1A16-4CA6-B51C-BA6B93E9A452}.Debug|Any CPU.ActiveCfg = Debug|Any CPU
		{F9F86E2B-1A16-4CA6-B51C-BA6B93E9A452}.Debug|Any CPU.Build.0 = Debug|Any CPU
		{F9F86E2B-1A16-4CA6-B51C-BA6B93E9A452}.Release|Any CPU.ActiveCfg = Release|Any CPU
		{F9F86E2B-1A16-4CA6-B51C-BA6B93E9A452}.Release|Any CPU.Build.0 = Release|Any CPU
		{8F4EBE87-EBFC-407A-BE29-B76945D15FC1}.Debug|Any CPU.ActiveCfg = Debug|Any CPU
		{8F4EBE87-EBFC-407A-BE29-B76945D15FC1}.Debug|Any CPU.Build.0 = Debug|Any CPU
		{8F4EBE87-EBFC-407A-BE29-B76945D15FC1}.Release|Any CPU.ActiveCfg = Release|Any CPU
		{8F4EBE87-EBFC-407A-BE29-B76945D15FC1}.Release|Any CPU.Build.0 = Release|Any CPU
		{5B32F1CA-A61E-480A-93DF-65A2A9EA2239}.Debug|Any CPU.ActiveCfg = Debug|Any CPU
		{5B32F1CA-A61E-480A-93DF-65A2A9EA2239}.Debug|Any CPU.Build.0 = Debug|Any CPU
		{5B32F1CA-A61E-480A-93DF-65A2A9EA2239}.Release|Any CPU.ActiveCfg = Release|Any CPU
		{5B32F1CA-A61E-480A-93DF-65A2A9EA2239}.Release|Any CPU.Build.0 = Release|Any CPU
		{B9C25C05-9709-4621-AD2B-DEF79EB3A813}.Debug|Any CPU.ActiveCfg = Debug|Any CPU
		{B9C25C05-9709-4621-AD2B-DEF79EB3A813}.Debug|Any CPU.Build.0 = Debug|Any CPU
		{B9C25C05-9709-4621-AD2B-DEF79EB3A813}.Release|Any CPU.ActiveCfg = Release|Any CPU
		{B9C25C05-9709-4621-AD2B-DEF79EB3A813}.Release|Any CPU.Build.0 = Release|Any CPU
		{FBC36542-6D0A-46CA-89CC-0967143599A1}.Debug|Any CPU.ActiveCfg = Debug|Any CPU
		{FBC36542-6D0A-46CA-89CC-0967143599A1}.Debug|Any CPU.Build.0 = Debug|Any CPU
		{FBC36542-6D0A-46CA-89CC-0967143599A1}.Release|Any CPU.ActiveCfg = Release|Any CPU
		{FBC36542-6D0A-46CA-89CC-0967143599A1}.Release|Any CPU.Build.0 = Release|Any CPU
		{7EACFC26-6ED2-443C-9F71-E09B2BD1ACE3}.Debug|Any CPU.ActiveCfg = Debug|Any CPU
		{7EACFC26-6ED2-443C-9F71-E09B2BD1ACE3}.Debug|Any CPU.Build.0 = Debug|Any CPU
		{7EACFC26-6ED2-443C-9F71-E09B2BD1ACE3}.Release|Any CPU.ActiveCfg = Release|Any CPU
		{7EACFC26-6ED2-443C-9F71-E09B2BD1ACE3}.Release|Any CPU.Build.0 = Release|Any CPU
		{810D76BA-1027-4B37-9091-873EF61FBE0E}.Debug|Any CPU.ActiveCfg = Debug|Any CPU
		{810D76BA-1027-4B37-9091-873EF61FBE0E}.Debug|Any CPU.Build.0 = Debug|Any CPU
		{810D76BA-1027-4B37-9091-873EF61FBE0E}.Release|Any CPU.ActiveCfg = Release|Any CPU
		{810D76BA-1027-4B37-9091-873EF61FBE0E}.Release|Any CPU.Build.0 = Release|Any CPU
		{7402BC2E-EC62-4A2C-847F-028440020933}.Debug|Any CPU.ActiveCfg = Debug|Any CPU
		{7402BC2E-EC62-4A2C-847F-028440020933}.Debug|Any CPU.Build.0 = Debug|Any CPU
		{7402BC2E-EC62-4A2C-847F-028440020933}.Release|Any CPU.ActiveCfg = Release|Any CPU
		{7402BC2E-EC62-4A2C-847F-028440020933}.Release|Any CPU.Build.0 = Release|Any CPU
		{860F5772-66AE-481D-BAB2-4C659F7025EB}.Debug|Any CPU.ActiveCfg = Debug|Any CPU
		{860F5772-66AE-481D-BAB2-4C659F7025EB}.Debug|Any CPU.Build.0 = Debug|Any CPU
		{860F5772-66AE-481D-BAB2-4C659F7025EB}.Release|Any CPU.ActiveCfg = Release|Any CPU
		{860F5772-66AE-481D-BAB2-4C659F7025EB}.Release|Any CPU.Build.0 = Release|Any CPU
		{CC9C2F9D-CD5F-42A9-BE97-B84EE751A500}.Debug|Any CPU.ActiveCfg = Debug|Any CPU
		{CC9C2F9D-CD5F-42A9-BE97-B84EE751A500}.Debug|Any CPU.Build.0 = Debug|Any CPU
		{CC9C2F9D-CD5F-42A9-BE97-B84EE751A500}.Release|Any CPU.ActiveCfg = Release|Any CPU
		{CC9C2F9D-CD5F-42A9-BE97-B84EE751A500}.Release|Any CPU.Build.0 = Release|Any CPU
		{A85383A2-F241-4E53-8303-BF98DE0FD951}.Debug|Any CPU.ActiveCfg = Debug|Any CPU
		{A85383A2-F241-4E53-8303-BF98DE0FD951}.Debug|Any CPU.Build.0 = Debug|Any CPU
		{A85383A2-F241-4E53-8303-BF98DE0FD951}.Release|Any CPU.ActiveCfg = Release|Any CPU
		{A85383A2-F241-4E53-8303-BF98DE0FD951}.Release|Any CPU.Build.0 = Release|Any CPU
		{DB781848-D99C-43B3-ADD3-DC63D8E1B723}.Debug|Any CPU.ActiveCfg = Debug|Any CPU
		{DB781848-D99C-43B3-ADD3-DC63D8E1B723}.Debug|Any CPU.Build.0 = Debug|Any CPU
		{DB781848-D99C-43B3-ADD3-DC63D8E1B723}.Release|Any CPU.ActiveCfg = Release|Any CPU
		{DB781848-D99C-43B3-ADD3-DC63D8E1B723}.Release|Any CPU.Build.0 = Release|Any CPU
		{DDB89C8E-A792-4FBF-A6EA-699E3CC85358}.Debug|Any CPU.ActiveCfg = Debug|Any CPU
		{DDB89C8E-A792-4FBF-A6EA-699E3CC85358}.Debug|Any CPU.Build.0 = Debug|Any CPU
		{DDB89C8E-A792-4FBF-A6EA-699E3CC85358}.Release|Any CPU.ActiveCfg = Release|Any CPU
		{DDB89C8E-A792-4FBF-A6EA-699E3CC85358}.Release|Any CPU.Build.0 = Release|Any CPU
		{83A79200-7F25-4E59-BB4D-50692CE63156}.Debug|Any CPU.ActiveCfg = Debug|Any CPU
		{83A79200-7F25-4E59-BB4D-50692CE63156}.Debug|Any CPU.Build.0 = Debug|Any CPU
		{83A79200-7F25-4E59-BB4D-50692CE63156}.Release|Any CPU.ActiveCfg = Release|Any CPU
		{83A79200-7F25-4E59-BB4D-50692CE63156}.Release|Any CPU.Build.0 = Release|Any CPU
		{98567120-7B7D-4119-A2E4-7642A1D88688}.Debug|Any CPU.ActiveCfg = Debug|Any CPU
		{98567120-7B7D-4119-A2E4-7642A1D88688}.Debug|Any CPU.Build.0 = Debug|Any CPU
		{98567120-7B7D-4119-A2E4-7642A1D88688}.Release|Any CPU.ActiveCfg = Release|Any CPU
		{98567120-7B7D-4119-A2E4-7642A1D88688}.Release|Any CPU.Build.0 = Release|Any CPU
	EndGlobalSection
	GlobalSection(SolutionProperties) = preSolution
		HideSolutionNode = FALSE
	EndGlobalSection
	GlobalSection(NestedProjects) = preSolution
		{F9F86E2B-1A16-4CA6-B51C-BA6B93E9A452} = {02EA681E-C7D8-13C7-8484-4AC65E1B71E8}
		{8F4EBE87-EBFC-407A-BE29-B76945D15FC1} = {02EA681E-C7D8-13C7-8484-4AC65E1B71E8}
		{5B32F1CA-A61E-480A-93DF-65A2A9EA2239} = {02EA681E-C7D8-13C7-8484-4AC65E1B71E8}
		{B9C25C05-9709-4621-AD2B-DEF79EB3A813} = {CD47673D-968B-4BCB-B106-94E5733E8266}
		{FBC36542-6D0A-46CA-89CC-0967143599A1} = {CD47673D-968B-4BCB-B106-94E5733E8266}
		{7EACFC26-6ED2-443C-9F71-E09B2BD1ACE3} = {CD47673D-968B-4BCB-B106-94E5733E8266}
		{810D76BA-1027-4B37-9091-873EF61FBE0E} = {F54100ED-AB87-4205-B0EF-CCB2728AC469}
		{7402BC2E-EC62-4A2C-847F-028440020933} = {F54100ED-AB87-4205-B0EF-CCB2728AC469}
		{860F5772-66AE-481D-BAB2-4C659F7025EB} = {F54100ED-AB87-4205-B0EF-CCB2728AC469}
		{CC9C2F9D-CD5F-42A9-BE97-B84EE751A500} = {489A7BAC-FCB8-4999-A027-106054133995}
		{A85383A2-F241-4E53-8303-BF98DE0FD951} = {489A7BAC-FCB8-4999-A027-106054133995}
		{DB781848-D99C-43B3-ADD3-DC63D8E1B723} = {489A7BAC-FCB8-4999-A027-106054133995}
		{DDB89C8E-A792-4FBF-A6EA-699E3CC85358} = {D3D814F7-26F8-4C4A-8F0B-F5BF2C0C4141}
		{83A79200-7F25-4E59-BB4D-50692CE63156} = {D3D814F7-26F8-4C4A-8F0B-F5BF2C0C4141}
		{98567120-7B7D-4119-A2E4-7642A1D88688} = {D3D814F7-26F8-4C4A-8F0B-F5BF2C0C4141}
	EndGlobalSection
	GlobalSection(ExtensibilityGlobals) = postSolution
		SolutionGuid = {E93155D0-2102-4B92-AE09-6A256485AAD1}
	EndGlobalSection
EndGlobal
